// !$*UTF8*$!
{
	archiveVersion = 1;
	classes = {
	};
	objectVersion = 46;
	objects = {

/* Begin PBXBuildFile section */
		180BBF471E52063D00C7CF94 /* main.m in Sources */ = {isa = PBXBuildFile; fileRef = 180BBF461E52063D00C7CF94 /* main.m */; };
		180BBF4A1E52063D00C7CF94 /* AppDelegate.m in Sources */ = {isa = PBXBuildFile; fileRef = 180BBF491E52063D00C7CF94 /* AppDelegate.m */; };
		180BBF4D1E52063D00C7CF94 /* ViewController.m in Sources */ = {isa = PBXBuildFile; fileRef = 180BBF4C1E52063D00C7CF94 /* ViewController.m */; };
		180BBF501E52063D00C7CF94 /* Main.storyboard in Resources */ = {isa = PBXBuildFile; fileRef = 180BBF4E1E52063D00C7CF94 /* Main.storyboard */; };
		180BBF531E52063D00C7CF94 /* DMBaseMoudle.xcdatamodeld in Sources */ = {isa = PBXBuildFile; fileRef = 180BBF511E52063D00C7CF94 /* DMBaseMoudle.xcdatamodeld */; };
		180BBF551E52063D00C7CF94 /* Assets.xcassets in Resources */ = {isa = PBXBuildFile; fileRef = 180BBF541E52063D00C7CF94 /* Assets.xcassets */; };
		180BBF581E52063D00C7CF94 /* LaunchScreen.storyboard in Resources */ = {isa = PBXBuildFile; fileRef = 180BBF561E52063D00C7CF94 /* LaunchScreen.storyboard */; };
/* End PBXBuildFile section */

/* Begin PBXFileReference section */
		180BBF421E52063D00C7CF94 /* DMBaseMoudle.app */ = {isa = PBXFileReference; explicitFileType = wrapper.application; includeInIndex = 0; path = DMBaseMoudle.app; sourceTree = BUILT_PRODUCTS_DIR; };
		180BBF461E52063D00C7CF94 /* main.m */ = {isa = PBXFileReference; lastKnownFileType = sourcecode.c.objc; path = main.m; sourceTree = "<group>"; };
		180BBF481E52063D00C7CF94 /* AppDelegate.h */ = {isa = PBXFileReference; lastKnownFileType = sourcecode.c.h; path = AppDelegate.h; sourceTree = "<group>"; };
		180BBF491E52063D00C7CF94 /* AppDelegate.m */ = {isa = PBXFileReference; lastKnownFileType = sourcecode.c.objc; path = AppDelegate.m; sourceTree = "<group>"; };
		180BBF4B1E52063D00C7CF94 /* ViewController.h */ = {isa = PBXFileReference; lastKnownFileType = sourcecode.c.h; path = ViewController.h; sourceTree = "<group>"; };
		180BBF4C1E52063D00C7CF94 /* ViewController.m */ = {isa = PBXFileReference; lastKnownFileType = sourcecode.c.objc; path = ViewController.m; sourceTree = "<group>"; };
		180BBF4F1E52063D00C7CF94 /* Base */ = {isa = PBXFileReference; lastKnownFileType = file.storyboard; name = Base; path = Base.lproj/Main.storyboard; sourceTree = "<group>"; };
		180BBF521E52063D00C7CF94 /* DMBaseMoudle.xcdatamodel */ = {isa = PBXFileReference; lastKnownFileType = wrapper.xcdatamodel; path = DMBaseMoudle.xcdatamodel; sourceTree = "<group>"; };
		180BBF541E52063D00C7CF94 /* Assets.xcassets */ = {isa = PBXFileReference; lastKnownFileType = folder.assetcatalog; path = Assets.xcassets; sourceTree = "<group>"; };
		180BBF571E52063D00C7CF94 /* Base */ = {isa = PBXFileReference; lastKnownFileType = file.storyboard; name = Base; path = Base.lproj/LaunchScreen.storyboard; sourceTree = "<group>"; };
		180BBF591E52063D00C7CF94 /* Info.plist */ = {isa = PBXFileReference; lastKnownFileType = text.plist.xml; path = Info.plist; sourceTree = "<group>"; };
/* End PBXFileReference section */

/* Begin PBXFrameworksBuildPhase section */
		180BBF3F1E52063D00C7CF94 /* Frameworks */ = {
			isa = PBXFrameworksBuildPhase;
			buildActionMask = 2147483647;
			files = (
			);
			runOnlyForDeploymentPostprocessing = 0;
		};
/* End PBXFrameworksBuildPhase section */

/* Begin PBXGroup section */
		180BBF391E52063D00C7CF94 = {
			isa = PBXGroup;
			children = (
				180BBF441E52063D00C7CF94 /* DMBaseMoudle */,
				180BBF431E52063D00C7CF94 /* Products */,
			);
			sourceTree = "<group>";
		};
		180BBF431E52063D00C7CF94 /* Products */ = {
			isa = PBXGroup;
			children = (
				180BBF421E52063D00C7CF94 /* DMBaseMoudle.app */,
			);
			name = Products;
			sourceTree = "<group>";
		};
		180BBF441E52063D00C7CF94 /* DMBaseMoudle */ = {
			isa = PBXGroup;
			children = (
				180BBF481E52063D00C7CF94 /* AppDelegate.h */,
				180BBF491E52063D00C7CF94 /* AppDelegate.m */,
				180BBF4B1E52063D00C7CF94 /* ViewController.h */,
				180BBF4C1E52063D00C7CF94 /* ViewController.m */,
				180BBF4E1E52063D00C7CF94 /* Main.storyboard */,
				180BBF541E52063D00C7CF94 /* Assets.xcassets */,
				180BBF561E52063D00C7CF94 /* LaunchScreen.storyboard */,
				180BBF591E52063D00C7CF94 /* Info.plist */,
				180BBF511E52063D00C7CF94 /* DMBaseMoudle.xcdatamodeld */,
				180BBF451E52063D00C7CF94 /* Supporting Files */,
			);
			path = DMBaseMoudle;
			sourceTree = "<group>";
		};
		180BBF451E52063D00C7CF94 /* Supporting Files */ = {
			isa = PBXGroup;
			children = (
				180BBF461E52063D00C7CF94 /* main.m */,
			);
			name = "Supporting Files";
			sourceTree = "<group>";
		};
/* End PBXGroup section */

/* Begin PBXNativeTarget section */
		180BBF411E52063D00C7CF94 /* DMBaseMoudle */ = {
			isa = PBXNativeTarget;
			buildConfigurationList = 180BBF5C1E52063D00C7CF94 /* Build configuration list for PBXNativeTarget "DMBaseMoudle" */;
			buildPhases = (
				180BBF3E1E52063D00C7CF94 /* Sources */,
				180BBF3F1E52063D00C7CF94 /* Frameworks */,
				180BBF401E52063D00C7CF94 /* Resources */,
			);
			buildRules = (
			);
			dependencies = (
			);
			name = DMBaseMoudle;
			productName = DMBaseMoudle;
			productReference = 180BBF421E52063D00C7CF94 /* DMBaseMoudle.app */;
			productType = "com.apple.product-type.application";
		};
/* End PBXNativeTarget section */

/* Begin PBXProject section */
		180BBF3A1E52063D00C7CF94 /* Project object */ = {
			isa = PBXProject;
			attributes = {
				LastUpgradeCheck = 0820;
				ORGANIZATIONNAME = apple;
				TargetAttributes = {
					180BBF411E52063D00C7CF94 = {
						CreatedOnToolsVersion = 8.2.1;
						ProvisioningStyle = Automatic;
					};
				};
			};
			buildConfigurationList = 180BBF3D1E52063D00C7CF94 /* Build configuration list for PBXProject "DMBaseMoudle" */;
			compatibilityVersion = "Xcode 3.2";
			developmentRegion = English;
			hasScannedForEncodings = 0;
			knownRegions = (
				en,
				Base,
			);
			mainGroup = 180BBF391E52063D00C7CF94;
			productRefGroup = 180BBF431E52063D00C7CF94 /* Products */;
			projectDirPath = "";
			projectRoot = "";
			targets = (
				180BBF411E52063D00C7CF94 /* DMBaseMoudle */,
			);
		};
/* End PBXProject section */

/* Begin PBXResourcesBuildPhase section */
		180BBF401E52063D00C7CF94 /* Resources */ = {
			isa = PBXResourcesBuildPhase;
			buildActionMask = 2147483647;
			files = (
				180BBF581E52063D00C7CF94 /* LaunchScreen.storyboard in Resources */,
				180BBF551E52063D00C7CF94 /* Assets.xcassets in Resources */,
				180BBF501E52063D00C7CF94 /* Main.storyboard in Resources */,
			);
			runOnlyForDeploymentPostprocessing = 0;
		};
/* End PBXResourcesBuildPhase section */

/* Begin PBXSourcesBuildPhase section */
		180BBF3E1E52063D00C7CF94 /* Sources */ = {
			isa = PBXSourcesBuildPhase;
			buildActionMask = 2147483647;
			files = (
				180BBF4D1E52063D00C7CF94 /* ViewController.m in Sources */,
				180BBF4A1E52063D00C7CF94 /* AppDelegate.m in Sources */,
				180BBF471E52063D00C7CF94 /* main.m in Sources */,
				180BBF531E52063D00C7CF94 /* DMBaseMoudle.xcdatamodeld in Sources */,
			);
			runOnlyForDeploymentPostprocessing = 0;
		};
/* End PBXSourcesBuildPhase section */

/* Begin PBXVariantGroup section */
		180BBF4E1E52063D00C7CF94 /* Main.storyboard */ = {
			isa = PBXVariantGroup;
			children = (
				180BBF4F1E52063D00C7CF94 /* Base */,
			);
			name = Main.storyboard;
			sourceTree = "<group>";
		};
		180BBF561E52063D00C7CF94 /* LaunchScreen.storyboard */ = {
			isa = PBXVariantGroup;
			children = (
				180BBF571E52063D00C7CF94 /* Base */,
			);
			name = LaunchScreen.storyboard;
			sourceTree = "<group>";
		};
/* End PBXVariantGroup section */

/* Begin XCBuildConfiguration section */
		180BBF5A1E52063D00C7CF94 /* Debug */ = {
			isa = XCBuildConfiguration;
			buildSettings = {
				ALWAYS_SEARCH_USER_PATHS = NO;
				CLANG_ANALYZER_NONNULL = YES;
				CLANG_CXX_LANGUAGE_STANDARD = "gnu++0x";
				CLANG_CXX_LIBRARY = "libc++";
				CLANG_ENABLE_MODULES = YES;
				CLANG_ENABLE_OBJC_ARC = YES;
				CLANG_WARN_BOOL_CONVERSION = YES;
				CLANG_WARN_CONSTANT_CONVERSION = YES;
				CLANG_WARN_DIRECT_OBJC_ISA_USAGE = YES_ERROR;
				CLANG_WARN_DOCUMENTATION_COMMENTS = YES;
				CLANG_WARN_EMPTY_BODY = YES;
				CLANG_WARN_ENUM_CONVERSION = YES;
				CLANG_WARN_INFINITE_RECURSION = YES;
				CLANG_WARN_INT_CONVERSION = YES;
				CLANG_WARN_OBJC_ROOT_CLASS = YES_ERROR;
				CLANG_WARN_SUSPICIOUS_MOVE = YES;
				CLANG_WARN_UNREACHABLE_CODE = YES;
				CLANG_WARN__DUPLICATE_METHOD_MATCH = YES;
				"CODE_SIGN_IDENTITY[sdk=iphoneos*]" = "iPhone Developer";
				COPY_PHASE_STRIP = NO;
				DEBUG_INFORMATION_FORMAT = dwarf;
				ENABLE_STRICT_OBJC_MSGSEND = YES;
				ENABLE_TESTABILITY = YES;
				GCC_C_LANGUAGE_STANDARD = gnu99;
				GCC_DYNAMIC_NO_PIC = NO;
				GCC_NO_COMMON_BLOCKS = YES;
				GCC_OPTIMIZATION_LEVEL = 0;
				GCC_PREPROCESSOR_DEFINITIONS = (
					"DEBUG=1",
					"$(inherited)",
				);
				GCC_WARN_64_TO_32_BIT_CONVERSION = YES;
				GCC_WARN_ABOUT_RETURN_TYPE = YES_ERROR;
				GCC_WARN_UNDECLARED_SELECTOR = YES;
				GCC_WARN_UNINITIALIZED_AUTOS = YES_AGGRESSIVE;
				GCC_WARN_UNUSED_FUNCTION = YES;
				GCC_WARN_UNUSED_VARIABLE = YES;
				IPHONEOS_DEPLOYMENT_TARGET = 10.2;
				MTL_ENABLE_DEBUG_INFO = YES;
				ONLY_ACTIVE_ARCH = YES;
				SDKROOT = iphoneos;
			};
			name = Debug;
		};
		180BBF5B1E52063D00C7CF94 /* Release */ = {
			isa = XCBuildConfiguration;
			buildSettings = {
				ALWAYS_SEARCH_USER_PATHS = NO;
				CLANG_ANALYZER_NONNULL = YES;
				CLANG_CXX_LANGUAGE_STANDARD = "gnu++0x";
				CLANG_CXX_LIBRARY = "libc++";
				CLANG_ENABLE_MODULES = YES;
				CLANG_ENABLE_OBJC_ARC = YES;
				CLANG_WARN_BOOL_CONVERSION = YES;
				CLANG_WARN_CONSTANT_CONVERSION = YES;
				CLANG_WARN_DIRECT_OBJC_ISA_USAGE = YES_ERROR;
				CLANG_WARN_DOCUMENTATION_COMMENTS = YES;
				CLANG_WARN_EMPTY_BODY = YES;
				CLANG_WARN_ENUM_CONVERSION = YES;
				CLANG_WARN_INFINITE_RECURSION = YES;
				CLANG_WARN_INT_CONVERSION = YES;
				CLANG_WARN_OBJC_ROOT_CLASS = YES_ERROR;
				CLANG_WARN_SUSPICIOUS_MOVE = YES;
				CLANG_WARN_UNREACHABLE_CODE = YES;
				CLANG_WARN__DUPLICATE_METHOD_MATCH = YES;
				"CODE_SIGN_IDENTITY[sdk=iphoneos*]" = "iPhone Developer";
				COPY_PHASE_STRIP = NO;
				DEBUG_INFORMATION_FORMAT = "dwarf-with-dsym";
				ENABLE_NS_ASSERTIONS = NO;
				ENABLE_STRICT_OBJC_MSGSEND = YES;
				GCC_C_LANGUAGE_STANDARD = gnu99;
				GCC_NO_COMMON_BLOCKS = YES;
				GCC_WARN_64_TO_32_BIT_CONVERSION = YES;
				GCC_WARN_ABOUT_RETURN_TYPE = YES_ERROR;
				GCC_WARN_UNDECLARED_SELECTOR = YES;
				GCC_WARN_UNINITIALIZED_AUTOS = YES_AGGRESSIVE;
				GCC_WARN_UNUSED_FUNCTION = YES;
				GCC_WARN_UNUSED_VARIABLE = YES;
				IPHONEOS_DEPLOYMENT_TARGET = 10.2;
				MTL_ENABLE_DEBUG_INFO = NO;
				SDKROOT = iphoneos;
				VALIDATE_PRODUCT = YES;
			};
			name = Release;
		};
		180BBF5D1E52063D00C7CF94 /* Debug */ = {
			isa = XCBuildConfiguration;
			buildSettings = {
				ASSETCATALOG_COMPILER_APPICON_NAME = AppIcon;
				INFOPLIST_FILE = DMBaseMoudle/Info.plist;
				LD_RUNPATH_SEARCH_PATHS = "$(inherited) @executable_path/Frameworks";
				PRODUCT_BUNDLE_IDENTIFIER = com.dragon.www.DMBaseMoudle;
				PRODUCT_NAME = "$(TARGET_NAME)";
			};
			name = Debug;
		};
		180BBF5E1E52063D00C7CF94 /* Release */ = {
			isa = XCBuildConfiguration;
			buildSettings = {
				ASSETCATALOG_COMPILER_APPICON_NAME = AppIcon;
				INFOPLIST_FILE = DMBaseMoudle/Info.plist;
				LD_RUNPATH_SEARCH_PATHS = "$(inherited) @executable_path/Frameworks";
				PRODUCT_BUNDLE_IDENTIFIER = com.dragon.www.DMBaseMoudle;
				PRODUCT_NAME = "$(TARGET_NAME)";
			};
			name = Release;
		};
/* End XCBuildConfiguration section */

/* Begin XCConfigurationList section */
		180BBF3D1E52063D00C7CF94 /* Build configuration list for PBXProject "DMBaseMoudle" */ = {
			isa = XCConfigurationList;
			buildConfigurations = (
				180BBF5A1E52063D00C7CF94 /* Debug */,
				180BBF5B1E52063D00C7CF94 /* Release */,
			);
			defaultConfigurationIsVisible = 0;
			defaultConfigurationName = Release;
		};
		180BBF5C1E52063D00C7CF94 /* Build configuration list for PBXNativeTarget "DMBaseMoudle" */ = {
			isa = XCConfigurationList;
			buildConfigurations = (
				180BBF5D1E52063D00C7CF94 /* Debug */,
				180BBF5E1E52063D00C7CF94 /* Release */,
			);
			defaultConfigurationIsVisible = 0;
		};
/* End XCConfigurationList section */

/* Begin XCVersionGroup section */
		180BBF511E52063D00C7CF94 /* DMBaseMoudle.xcdatamodeld */ = {
			isa = XCVersionGroup;
			children = (
				180BBF521E52063D00C7CF94 /* DMBaseMoudle.xcdatamodel */,
			);
			currentVersion = 180BBF521E52063D00C7CF94 /* DMBaseMoudle.xcdatamodel */;
			path = DMBaseMoudle.xcdatamodeld;
			sourceTree = "<group>";
			versionGroupType = wrapper.xcdatamodel;
		};
/* End XCVersionGroup section */
	};
	rootObject = 180BBF3A1E52063D00C7CF94 /* Project object */;
}
